
Microsoft Visual Studio Solution File, Format Version 12.00
# Visual Studio 15
VisualStudioVersion = 15.0.28307.705
MinimumVisualStudioVersion = 10.0.40219.1
Project("{FAE04EC0-301F-11D3-BF4B-00C04F79EFBC}") = "Animals", "Animals\Animals.csproj", "{D98D0C97-8960-428D-A450-9F977E4216A2}"
EndProject
Global
	GlobalSection(SolutionConfigurationPlatforms) = preSolution
		Debug|Any CPU = Debug|Any CPU
		Release|Any CPU = Release|Any CPU
	EndGlobalSection
	GlobalSection(ProjectConfigurationPlatforms) = postSolution
		{D98D0C97-8960-428D-A450-9F977E4216A2}.Debug|Any CPU.ActiveCfg = Debug|Any CPU
		{D98D0C97-8960-428D-A450-9F977E4216A2}.Debug|Any CPU.Build.0 = Debug|Any CPU
		{D98D0C97-8960-428D-A450-9F977E4216A2}.Release|Any CPU.ActiveCfg = Release|Any CPU
		{D98D0C97-8960-428D-A450-9F977E4216A2}.Release|Any CPU.Build.0 = Release|Any CPU
	EndGlobalSection
	GlobalSection(SolutionProperties) = preSolution
		HideSolutionNode = FALSE
	EndGlobalSection
	GlobalSection(ExtensibilityGlobals) = postSolution
		SolutionGuid = {3A3F1B51-2E94-43C2-8057-BF46F7E03706}
	EndGlobalSection
EndGlobal
